{
  "nodes": {
    "emacs-lsp-booster": {
      "inputs": {
        "nixpkgs": [
          "nixpkgs"
        ]
      },
      "locked": {
        "lastModified": 1716274896,
        "narHash": "sha256-WsyEkdt8ReGQ40+yV4Cb99A2MEmV0O/i6rmFQura5ww=",
        "owner": "slotThe",
        "repo": "emacs-lsp-booster-flake",
        "rev": "7d110295988fc9bf7fd43bb0cabfbe58a4a5ecf8",
        "type": "github"
      },
      "original": {
        "owner": "slotThe",
        "repo": "emacs-lsp-booster-flake",
        "type": "github"
      }
    },
    "home-manager": {
      "inputs": {
        "nixpkgs": [
          "nixpkgs"
        ]
      },
      "locked": {
        "lastModified": 1739458725,
        "narHash": "sha256-k9AeUzs3phaTgfljRslR4iNTX9svBNhxoIw4QLd/V70=",
        "owner": "nix-community",
        "repo": "home-manager",
        "rev": "22b418c13fb0be43f4bc5c185f323a3237028594",
        "type": "github"
      },
      "original": {
        "owner": "nix-community",
        "repo": "home-manager",
        "type": "github"
      }
    },
    "nixpkgs": {
      "locked": {
        "lastModified": 1739214665,
        "narHash": "sha256-26L8VAu3/1YRxS8MHgBOyOM8xALdo6N0I04PgorE7UM=",
        "owner": "nixos",
        "repo": "nixpkgs",
        "rev": "64e75cd44acf21c7933d61d7721e812eac1b5a0a",
        "type": "github"
      },
      "original": {
        "owner": "nixos",
        "ref": "nixos-unstable",
        "repo": "nixpkgs",
        "type": "github"
      }
    },
    "root": {
      "inputs": {
        "emacs-lsp-booster": "emacs-lsp-booster",
        "home-manager": "home-manager",
        "nixpkgs": "nixpkgs"
      }
    }
  },
  "root": "root",
  "version": 7
}
